// !$*UTF8*$!
{
	archiveVersion = 1;
	classes = {
	};
	objectVersion = 46;
	objects = {

/* Begin PBXBuildFile section */
		3A77576C1EAB269D00FCA2BC /* ChartViewController.m in Sources */ = {isa = PBXBuildFile; fileRef = 3A77576B1EAB269D00FCA2BC /* ChartViewController.m */; };
		3A7757C11EAB373000FCA2BC /* NSNumber+Zirkfied.m in Sources */ = {isa = PBXBuildFile; fileRef = 3A7757711EAB373000FCA2BC /* NSNumber+Zirkfied.m */; };
		3A7757C21EAB373000FCA2BC /* NSString+Zirkfied.m in Sources */ = {isa = PBXBuildFile; fileRef = 3A7757731EAB373000FCA2BC /* NSString+Zirkfied.m */; };
		3A7757C31EAB373000FCA2BC /* UIBezierPath+Zirkfied.m in Sources */ = {isa = PBXBuildFile; fileRef = 3A7757751EAB373000FCA2BC /* UIBezierPath+Zirkfied.m */; };
		3A7757C41EAB373000FCA2BC /* UIColor+Zirkfied.m in Sources */ = {isa = PBXBuildFile; fileRef = 3A7757771EAB373000FCA2BC /* UIColor+Zirkfied.m */; };
		3A7757C51EAB373000FCA2BC /* UIView+Zirkfied.m in Sources */ = {isa = PBXBuildFile; fileRef = 3A7757791EAB373000FCA2BC /* UIView+Zirkfied.m */; };
		3A7757C61EAB373000FCA2BC /* ZFLabel.m in Sources */ = {isa = PBXBuildFile; fileRef = 3A77577C1EAB373000FCA2BC /* ZFLabel.m */; };
		3A7757C71EAB373000FCA2BC /* ZFPopoverLabel.m in Sources */ = {isa = PBXBuildFile; fileRef = 3A77577E1EAB373000FCA2BC /* ZFPopoverLabel.m */; };
		3A7757C81EAB373000FCA2BC /* ZFXAxisLine.m in Sources */ = {isa = PBXBuildFile; fileRef = 3A7757801EAB373000FCA2BC /* ZFXAxisLine.m */; };
		3A7757C91EAB373000FCA2BC /* ZFYAxisLine.m in Sources */ = {isa = PBXBuildFile; fileRef = 3A7757821EAB373000FCA2BC /* ZFYAxisLine.m */; };
		3A7757CA1EAB373000FCA2BC /* ZFGradientAttribute.m in Sources */ = {isa = PBXBuildFile; fileRef = 3A7757851EAB373000FCA2BC /* ZFGradientAttribute.m */; };
		3A7757CB1EAB373000FCA2BC /* ZFWaveAttribute.m in Sources */ = {isa = PBXBuildFile; fileRef = 3A7757871EAB373000FCA2BC /* ZFWaveAttribute.m */; };
		3A7757CC1EAB373000FCA2BC /* ZFConst.m in Sources */ = {isa = PBXBuildFile; fileRef = 3A77578C1EAB373000FCA2BC /* ZFConst.m */; };
		3A7757CD1EAB373000FCA2BC /* ZFMethod.m in Sources */ = {isa = PBXBuildFile; fileRef = 3A77578E1EAB373000FCA2BC /* ZFMethod.m */; };
		3A7757CE1EAB373000FCA2BC /* ZFBar.m in Sources */ = {isa = PBXBuildFile; fileRef = 3A7757911EAB373000FCA2BC /* ZFBar.m */; };
		3A7757CF1EAB373000FCA2BC /* ZFBarChart.m in Sources */ = {isa = PBXBuildFile; fileRef = 3A7757931EAB373000FCA2BC /* ZFBarChart.m */; };
		3A7757D01EAB373000FCA2BC /* ZFCirque.m in Sources */ = {isa = PBXBuildFile; fileRef = 3A7757961EAB373000FCA2BC /* ZFCirque.m */; };
		3A7757D11EAB373000FCA2BC /* ZFCirqueChart.m in Sources */ = {isa = PBXBuildFile; fileRef = 3A7757981EAB373000FCA2BC /* ZFCirqueChart.m */; };
		3A7757D21EAB373000FCA2BC /* ZFGenericAxis.m in Sources */ = {isa = PBXBuildFile; fileRef = 3A77579B1EAB373000FCA2BC /* ZFGenericAxis.m */; };
		3A7757D31EAB373000FCA2BC /* ZFGenericChart.m in Sources */ = {isa = PBXBuildFile; fileRef = 3A77579E1EAB373000FCA2BC /* ZFGenericChart.m */; };
		3A7757D41EAB373000FCA2BC /* ZFHorizontalAxis.m in Sources */ = {isa = PBXBuildFile; fileRef = 3A7757A11EAB373000FCA2BC /* ZFHorizontalAxis.m */; };
		3A7757D51EAB373000FCA2BC /* ZFHorizontalBar.m in Sources */ = {isa = PBXBuildFile; fileRef = 3A7757A41EAB373000FCA2BC /* ZFHorizontalBar.m */; };
		3A7757D61EAB373000FCA2BC /* ZFHorizontalBarChart.m in Sources */ = {isa = PBXBuildFile; fileRef = 3A7757A61EAB373000FCA2BC /* ZFHorizontalBarChart.m */; };
		3A7757D71EAB373000FCA2BC /* ZFCircle.m in Sources */ = {isa = PBXBuildFile; fileRef = 3A7757A91EAB373000FCA2BC /* ZFCircle.m */; };
		3A7757D81EAB373000FCA2BC /* ZFLine.m in Sources */ = {isa = PBXBuildFile; fileRef = 3A7757AB1EAB373000FCA2BC /* ZFLine.m */; };
		3A7757D91EAB373000FCA2BC /* ZFLineChart.m in Sources */ = {isa = PBXBuildFile; fileRef = 3A7757AD1EAB373000FCA2BC /* ZFLineChart.m */; };
		3A7757DA1EAB373000FCA2BC /* ZFPie.m in Sources */ = {isa = PBXBuildFile; fileRef = 3A7757B01EAB373000FCA2BC /* ZFPie.m */; };
		3A7757DB1EAB373000FCA2BC /* ZFPieChart.m in Sources */ = {isa = PBXBuildFile; fileRef = 3A7757B21EAB373000FCA2BC /* ZFPieChart.m */; };
		3A7757DC1EAB373000FCA2BC /* ZFTranslucencePath.m in Sources */ = {isa = PBXBuildFile; fileRef = 3A7757B41EAB373000FCA2BC /* ZFTranslucencePath.m */; };
		3A7757DD1EAB373000FCA2BC /* ZFPolygon.m in Sources */ = {isa = PBXBuildFile; fileRef = 3A7757B71EAB373000FCA2BC /* ZFPolygon.m */; };
		3A7757DE1EAB373000FCA2BC /* ZFRadar.m in Sources */ = {isa = PBXBuildFile; fileRef = 3A7757B91EAB373000FCA2BC /* ZFRadar.m */; };
		3A7757DF1EAB373000FCA2BC /* ZFRadarChart.m in Sources */ = {isa = PBXBuildFile; fileRef = 3A7757BB1EAB373000FCA2BC /* ZFRadarChart.m */; };
		3A7757E01EAB373000FCA2BC /* ZFWave.m in Sources */ = {isa = PBXBuildFile; fileRef = 3A7757BE1EAB373000FCA2BC /* ZFWave.m */; };
		3A7757E11EAB373000FCA2BC /* ZFWaveChart.m in Sources */ = {isa = PBXBuildFile; fileRef = 3A7757C01EAB373000FCA2BC /* ZFWaveChart.m */; };
		3A7757E31EAB3E6B00FCA2BC /* Podfile in Resources */ = {isa = PBXBuildFile; fileRef = 3A7757E21EAB3E6B00FCA2BC /* Podfile */; };
		3AC520001EA765470004C566 /* main.m in Sources */ = {isa = PBXBuildFile; fileRef = 3AC51FFF1EA765470004C566 /* main.m */; };
		3AC520031EA765470004C566 /* AppDelegate.m in Sources */ = {isa = PBXBuildFile; fileRef = 3AC520021EA765470004C566 /* AppDelegate.m */; };
		3AC520061EA765470004C566 /* ViewController.m in Sources */ = {isa = PBXBuildFile; fileRef = 3AC520051EA765470004C566 /* ViewController.m */; };
		3AC520091EA765470004C566 /* Main.storyboard in Resources */ = {isa = PBXBuildFile; fileRef = 3AC520071EA765470004C566 /* Main.storyboard */; };
		3AC5200B1EA765470004C566 /* Assets.xcassets in Resources */ = {isa = PBXBuildFile; fileRef = 3AC5200A1EA765470004C566 /* Assets.xcassets */; };
		3AC5200E1EA765470004C566 /* LaunchScreen.storyboard in Resources */ = {isa = PBXBuildFile; fileRef = 3AC5200C1EA765470004C566 /* LaunchScreen.storyboard */; };
		3AC520171EA8DA180004C566 /* DevTableViewController.m in Sources */ = {isa = PBXBuildFile; fileRef = 3AC520161EA8DA180004C566 /* DevTableViewController.m */; };
		3AC5201B1EA8DB0B0004C566 /* DevTableViewCell.m in Sources */ = {isa = PBXBuildFile; fileRef = 3AC5201A1EA8DB0B0004C566 /* DevTableViewCell.m */; };
		B96996FB1F6FA0F30020DEBF /* TableViewCell.m in Sources */ = {isa = PBXBuildFile; fileRef = B96996FA1F6FA0F30020DEBF /* TableViewCell.m */; };
		B96996FE1F6FA1210020DEBF /* TableViewController.m in Sources */ = {isa = PBXBuildFile; fileRef = B96996FD1F6FA1210020DEBF /* TableViewController.m */; };
		B96997011F6FAB930020DEBF /* DetialViewController.m in Sources */ = {isa = PBXBuildFile; fileRef = B96997001F6FAB930020DEBF /* DetialViewController.m */; };
		B96997041F70F91A0020DEBF /* TimeViewController.m in Sources */ = {isa = PBXBuildFile; fileRef = B96997031F70F91A0020DEBF /* TimeViewController.m */; };
		B969970B1F726A740020DEBF /* AddFinshViewController.m in Sources */ = {isa = PBXBuildFile; fileRef = B96997061F726A740020DEBF /* AddFinshViewController.m */; };
		B969970C1F726A740020DEBF /* AddFirstViewController.m in Sources */ = {isa = PBXBuildFile; fileRef = B96997081F726A740020DEBF /* AddFirstViewController.m */; };
		B969970D1F726A740020DEBF /* AddWifiViewController.m in Sources */ = {isa = PBXBuildFile; fileRef = B969970A1F726A740020DEBF /* AddWifiViewController.m */; };
		B96997131F726AE30020DEBF /* libsmartlinklib_7x.a in Frameworks */ = {isa = PBXBuildFile; fileRef = B96997111F726AE30020DEBF /* libsmartlinklib_7x.a */; };
		B96997161F726B380020DEBF /* postToData.m in Sources */ = {isa = PBXBuildFile; fileRef = B96997151F726B380020DEBF /* postToData.m */; };
		B96997191F726D070020DEBF /* AutoViewController.m in Sources */ = {isa = PBXBuildFile; fileRef = B96997181F726D070020DEBF /* AutoViewController.m */; };
		B9F5DB271F4C2197007BD788 /* openfileRequest.m in Sources */ = {isa = PBXBuildFile; fileRef = B9F5DB261F4C2197007BD788 /* openfileRequest.m */; };
		ECE7EA4980774E3A672FD99E /* Pods_huyubao.framework in Frameworks */ = {isa = PBXBuildFile; fileRef = 9F789C33FEE4A63BD330645A /* Pods_huyubao.framework */; };
/* End PBXBuildFile section */

/* Begin PBXFileReference section */
		3A26DE6F1ED3DF4D00CCA4C1 /* zh-Hans */ = {isa = PBXFileReference; lastKnownFileType = text.plist.strings; name = "zh-Hans"; path = "zh-Hans.lproj/Main.strings"; sourceTree = "<group>"; };
		3A26DE701ED3DF4D00CCA4C1 /* zh-Hans */ = {isa = PBXFileReference; lastKnownFileType = text.plist.strings; name = "zh-Hans"; path = "zh-Hans.lproj/LaunchScreen.strings"; sourceTree = "<group>"; };
		3A4DD47E1F2F399100967FA3 /* CocoaAsyncSocket.framework */ = {isa = PBXFileReference; lastKnownFileType = wrapper.framework; name = CocoaAsyncSocket.framework; path = "../../../Library/Developer/Xcode/DerivedData/huyubao-cppiisapbnxkhicbwxbblhpthbme/Build/Products/Debug-iphonesimulator/CocoaAsyncSocket/CocoaAsyncSocket.framework"; sourceTree = "<group>"; };
		3A77576A1EAB269D00FCA2BC /* ChartViewController.h */ = {isa = PBXFileReference; fileEncoding = 4; lastKnownFileType = sourcecode.c.h; path = ChartViewController.h; sourceTree = "<group>"; };
		3A77576B1EAB269D00FCA2BC /* ChartViewController.m */ = {isa = PBXFileReference; fileEncoding = 4; lastKnownFileType = sourcecode.c.objc; path = ChartViewController.m; sourceTree = "<group>"; };
		3A7757701EAB373000FCA2BC /* NSNumber+Zirkfied.h */ = {isa = PBXFileReference; fileEncoding = 4; lastKnownFileType = sourcecode.c.h; path = "NSNumber+Zirkfied.h"; sourceTree = "<group>"; };
		3A7757711EAB373000FCA2BC /* NSNumber+Zirkfied.m */ = {isa = PBXFileReference; fileEncoding = 4; lastKnownFileType = sourcecode.c.objc; path = "NSNumber+Zirkfied.m"; sourceTree = "<group>"; };
		3A7757721EAB373000FCA2BC /* NSString+Zirkfied.h */ = {isa = PBXFileReference; fileEncoding = 4; lastKnownFileType = sourcecode.c.h; path = "NSString+Zirkfied.h"; sourceTree = "<group>"; };
		3A7757731EAB373000FCA2BC /* NSString+Zirkfied.m */ = {isa = PBXFileReference; fileEncoding = 4; lastKnownFileType = sourcecode.c.objc; path = "NSString+Zirkfied.m"; sourceTree = "<group>"; };
		3A7757741EAB373000FCA2BC /* UIBezierPath+Zirkfied.h */ = {isa = PBXFileReference; fileEncoding = 4; lastKnownFileType = sourcecode.c.h; path = "UIBezierPath+Zirkfied.h"; sourceTree = "<group>"; };
		3A7757751EAB373000FCA2BC /* UIBezierPath+Zirkfied.m */ = {isa = PBXFileReference; fileEncoding = 4; lastKnownFileType = sourcecode.c.objc; path = "UIBezierPath+Zirkfied.m"; sourceTree = "<group>"; };
		3A7757761EAB373000FCA2BC /* UIColor+Zirkfied.h */ = {isa = PBXFileReference; fileEncoding = 4; lastKnownFileType = sourcecode.c.h; path = "UIColor+Zirkfied.h"; sourceTree = "<group>"; };
		3A7757771EAB373000FCA2BC /* UIColor+Zirkfied.m */ = {isa = PBXFileReference; fileEncoding = 4; lastKnownFileType = sourcecode.c.objc; path = "UIColor+Zirkfied.m"; sourceTree = "<group>"; };
		3A7757781EAB373000FCA2BC /* UIView+Zirkfied.h */ = {isa = PBXFileReference; fileEncoding = 4; lastKnownFileType = sourcecode.c.h; path = "UIView+Zirkfied.h"; sourceTree = "<group>"; };
		3A7757791EAB373000FCA2BC /* UIView+Zirkfied.m */ = {isa = PBXFileReference; fileEncoding = 4; lastKnownFileType = sourcecode.c.objc; path = "UIView+Zirkfied.m"; sourceTree = "<group>"; };
		3A77577B1EAB373000FCA2BC /* ZFLabel.h */ = {isa = PBXFileReference; fileEncoding = 4; lastKnownFileType = sourcecode.c.h; path = ZFLabel.h; sourceTree = "<group>"; };
		3A77577C1EAB373000FCA2BC /* ZFLabel.m */ = {isa = PBXFileReference; fileEncoding = 4; lastKnownFileType = sourcecode.c.objc; path = ZFLabel.m; sourceTree = "<group>"; };
		3A77577D1EAB373000FCA2BC /* ZFPopoverLabel.h */ = {isa = PBXFileReference; fileEncoding = 4; lastKnownFileType = sourcecode.c.h; path = ZFPopoverLabel.h; sourceTree = "<group>"; };
		3A77577E1EAB373000FCA2BC /* ZFPopoverLabel.m */ = {isa = PBXFileReference; fileEncoding = 4; lastKnownFileType = sourcecode.c.objc; path = ZFPopoverLabel.m; sourceTree = "<group>"; };
		3A77577F1EAB373000FCA2BC /* ZFXAxisLine.h */ = {isa = PBXFileReference; fileEncoding = 4; lastKnownFileType = sourcecode.c.h; path = ZFXAxisLine.h; sourceTree = "<group>"; };
		3A7757801EAB373000FCA2BC /* ZFXAxisLine.m */ = {isa = PBXFileReference; fileEncoding = 4; lastKnownFileType = sourcecode.c.objc; path = ZFXAxisLine.m; sourceTree = "<group>"; };
		3A7757811EAB373000FCA2BC /* ZFYAxisLine.h */ = {isa = PBXFileReference; fileEncoding = 4; lastKnownFileType = sourcecode.c.h; path = ZFYAxisLine.h; sourceTree = "<group>"; };
		3A7757821EAB373000FCA2BC /* ZFYAxisLine.m */ = {isa = PBXFileReference; fileEncoding = 4; lastKnownFileType = sourcecode.c.objc; path = ZFYAxisLine.m; sourceTree = "<group>"; };
		3A7757841EAB373000FCA2BC /* ZFGradientAttribute.h */ = {isa = PBXFileReference; fileEncoding = 4; lastKnownFileType = sourcecode.c.h; path = ZFGradientAttribute.h; sourceTree = "<group>"; };
		3A7757851EAB373000FCA2BC /* ZFGradientAttribute.m */ = {isa = PBXFileReference; fileEncoding = 4; lastKnownFileType = sourcecode.c.objc; path = ZFGradientAttribute.m; sourceTree = "<group>"; };
		3A7757861EAB373000FCA2BC /* ZFWaveAttribute.h */ = {isa = PBXFileReference; fileEncoding = 4; lastKnownFileType = sourcecode.c.h; path = ZFWaveAttribute.h; sourceTree = "<group>"; };
		3A7757871EAB373000FCA2BC /* ZFWaveAttribute.m */ = {isa = PBXFileReference; fileEncoding = 4; lastKnownFileType = sourcecode.c.objc; path = ZFWaveAttribute.m; sourceTree = "<group>"; };
		3A7757891EAB373000FCA2BC /* ZFChart.h */ = {isa = PBXFileReference; fileEncoding = 4; lastKnownFileType = sourcecode.c.h; path = ZFChart.h; sourceTree = "<group>"; };
		3A77578A1EAB373000FCA2BC /* ZFColor.h */ = {isa = PBXFileReference; fileEncoding = 4; lastKnownFileType = sourcecode.c.h; path = ZFColor.h; sourceTree = "<group>"; };
		3A77578B1EAB373000FCA2BC /* ZFConst.h */ = {isa = PBXFileReference; fileEncoding = 4; lastKnownFileType = sourcecode.c.h; path = ZFConst.h; sourceTree = "<group>"; };
		3A77578C1EAB373000FCA2BC /* ZFConst.m */ = {isa = PBXFileReference; fileEncoding = 4; lastKnownFileType = sourcecode.c.objc; path = ZFConst.m; sourceTree = "<group>"; };
		3A77578D1EAB373000FCA2BC /* ZFMethod.h */ = {isa = PBXFileReference; fileEncoding = 4; lastKnownFileType = sourcecode.c.h; path = ZFMethod.h; sourceTree = "<group>"; };
		3A77578E1EAB373000FCA2BC /* ZFMethod.m */ = {isa = PBXFileReference; fileEncoding = 4; lastKnownFileType = sourcecode.c.objc; path = ZFMethod.m; sourceTree = "<group>"; };
		3A7757901EAB373000FCA2BC /* ZFBar.h */ = {isa = PBXFileReference; fileEncoding = 4; lastKnownFileType = sourcecode.c.h; path = ZFBar.h; sourceTree = "<group>"; };
		3A7757911EAB373000FCA2BC /* ZFBar.m */ = {isa = PBXFileReference; fileEncoding = 4; lastKnownFileType = sourcecode.c.objc; path = ZFBar.m; sourceTree = "<group>"; };
		3A7757921EAB373000FCA2BC /* ZFBarChart.h */ = {isa = PBXFileReference; fileEncoding = 4; lastKnownFileType = sourcecode.c.h; path = ZFBarChart.h; sourceTree = "<group>"; };
		3A7757931EAB373000FCA2BC /* ZFBarChart.m */ = {isa = PBXFileReference; fileEncoding = 4; lastKnownFileType = sourcecode.c.objc; path = ZFBarChart.m; sourceTree = "<group>"; };
		3A7757951EAB373000FCA2BC /* ZFCirque.h */ = {isa = PBXFileReference; fileEncoding = 4; lastKnownFileType = sourcecode.c.h; path = ZFCirque.h; sourceTree = "<group>"; };
		3A7757961EAB373000FCA2BC /* ZFCirque.m */ = {isa = PBXFileReference; fileEncoding = 4; lastKnownFileType = sourcecode.c.objc; path = ZFCirque.m; sourceTree = "<group>"; };
		3A7757971EAB373000FCA2BC /* ZFCirqueChart.h */ = {isa = PBXFileReference; fileEncoding = 4; lastKnownFileType = sourcecode.c.h; path = ZFCirqueChart.h; sourceTree = "<group>"; };
		3A7757981EAB373000FCA2BC /* ZFCirqueChart.m */ = {isa = PBXFileReference; fileEncoding = 4; lastKnownFileType = sourcecode.c.objc; path = ZFCirqueChart.m; sourceTree = "<group>"; };
		3A77579A1EAB373000FCA2BC /* ZFGenericAxis.h */ = {isa = PBXFileReference; fileEncoding = 4; lastKnownFileType = sourcecode.c.h; path = ZFGenericAxis.h; sourceTree = "<group>"; };
		3A77579B1EAB373000FCA2BC /* ZFGenericAxis.m */ = {isa = PBXFileReference; fileEncoding = 4; lastKnownFileType = sourcecode.c.objc; path = ZFGenericAxis.m; sourceTree = "<group>"; };
		3A77579D1EAB373000FCA2BC /* ZFGenericChart.h */ = {isa = PBXFileReference; fileEncoding = 4; lastKnownFileType = sourcecode.c.h; path = ZFGenericChart.h; sourceTree = "<group>"; };
		3A77579E1EAB373000FCA2BC /* ZFGenericChart.m */ = {isa = PBXFileReference; fileEncoding = 4; lastKnownFileType = sourcecode.c.objc; path = ZFGenericChart.m; sourceTree = "<group>"; };
		3A7757A01EAB373000FCA2BC /* ZFHorizontalAxis.h */ = {isa = PBXFileReference; fileEncoding = 4; lastKnownFileType = sourcecode.c.h; path = ZFHorizontalAxis.h; sourceTree = "<group>"; };
		3A7757A11EAB373000FCA2BC /* ZFHorizontalAxis.m */ = {isa = PBXFileReference; fileEncoding = 4; lastKnownFileType = sourcecode.c.objc; path = ZFHorizontalAxis.m; sourceTree = "<group>"; };
		3A7757A31EAB373000FCA2BC /* ZFHorizontalBar.h */ = {isa = PBXFileReference; fileEncoding = 4; lastKnownFileType = sourcecode.c.h; path = ZFHorizontalBar.h; sourceTree = "<group>"; };
		3A7757A41EAB373000FCA2BC /* ZFHorizontalBar.m */ = {isa = PBXFileReference; fileEncoding = 4; lastKnownFileType = sourcecode.c.objc; path = ZFHorizontalBar.m; sourceTree = "<group>"; };
		3A7757A51EAB373000FCA2BC /* ZFHorizontalBarChart.h */ = {isa = PBXFileReference; fileEncoding = 4; lastKnownFileType = sourcecode.c.h; path = ZFHorizontalBarChart.h; sourceTree = "<group>"; };
		3A7757A61EAB373000FCA2BC /* ZFHorizontalBarChart.m */ = {isa = PBXFileReference; fileEncoding = 4; lastKnownFileType = sourcecode.c.objc; path = ZFHorizontalBarChart.m; sourceTree = "<group>"; };
		3A7757A81EAB373000FCA2BC /* ZFCircle.h */ = {isa = PBXFileReference; fileEncoding = 4; lastKnownFileType = sourcecode.c.h; path = ZFCircle.h; sourceTree = "<group>"; };
		3A7757A91EAB373000FCA2BC /* ZFCircle.m */ = {isa = PBXFileReference; fileEncoding = 4; lastKnownFileType = sourcecode.c.objc; path = ZFCircle.m; sourceTree = "<group>"; };
		3A7757AA1EAB373000FCA2BC /* ZFLine.h */ = {isa = PBXFileReference; fileEncoding = 4; lastKnownFileType = sourcecode.c.h; path = ZFLine.h; sourceTree = "<group>"; };
		3A7757AB1EAB373000FCA2BC /* ZFLine.m */ = {isa = PBXFileReference; fileEncoding = 4; lastKnownFileType = sourcecode.c.objc; path = ZFLine.m; sourceTree = "<group>"; };
		3A7757AC1EAB373000FCA2BC /* ZFLineChart.h */ = {isa = PBXFileReference; fileEncoding = 4; lastKnownFileType = sourcecode.c.h; path = ZFLineChart.h; sourceTree = "<group>"; };
		3A7757AD1EAB373000FCA2BC /* ZFLineChart.m */ = {isa = PBXFileReference; fileEncoding = 4; lastKnownFileType = sourcecode.c.objc; path = ZFLineChart.m; sourceTree = "<group>"; };
		3A7757AF1EAB373000FCA2BC /* ZFPie.h */ = {isa = PBXFileReference; fileEncoding = 4; lastKnownFileType = sourcecode.c.h; path = ZFPie.h; sourceTree = "<group>"; };
		3A7757B01EAB373000FCA2BC /* ZFPie.m */ = {isa = PBXFileReference; fileEncoding = 4; lastKnownFileType = sourcecode.c.objc; path = ZFPie.m; sourceTree = "<group>"; };
		3A7757B11EAB373000FCA2BC /* ZFPieChart.h */ = {isa = PBXFileReference; fileEncoding = 4; lastKnownFileType = sourcecode.c.h; path = ZFPieChart.h; sourceTree = "<group>"; };
		3A7757B21EAB373000FCA2BC /* ZFPieChart.m */ = {isa = PBXFileReference; fileEncoding = 4; lastKnownFileType = sourcecode.c.objc; path = ZFPieChart.m; sourceTree = "<group>"; };
		3A7757B31EAB373000FCA2BC /* ZFTranslucencePath.h */ = {isa = PBXFileReference; fileEncoding = 4; lastKnownFileType = sourcecode.c.h; path = ZFTranslucencePath.h; sourceTree = "<group>"; };
		3A7757B41EAB373000FCA2BC /* ZFTranslucencePath.m */ = {isa = PBXFileReference; fileEncoding = 4; lastKnownFileType = sourcecode.c.objc; path = ZFTranslucencePath.m; sourceTree = "<group>"; };
		3A7757B61EAB373000FCA2BC /* ZFPolygon.h */ = {isa = PBXFileReference; fileEncoding = 4; lastKnownFileType = sourcecode.c.h; path = ZFPolygon.h; sourceTree = "<group>"; };
		3A7757B71EAB373000FCA2BC /* ZFPolygon.m */ = {isa = PBXFileReference; fileEncoding = 4; lastKnownFileType = sourcecode.c.objc; path = ZFPolygon.m; sourceTree = "<group>"; };
		3A7757B81EAB373000FCA2BC /* ZFRadar.h */ = {isa = PBXFileReference; fileEncoding = 4; lastKnownFileType = sourcecode.c.h; path = ZFRadar.h; sourceTree = "<group>"; };
		3A7757B91EAB373000FCA2BC /* ZFRadar.m */ = {isa = PBXFileReference; fileEncoding = 4; lastKnownFileType = sourcecode.c.objc; path = ZFRadar.m; sourceTree = "<group>"; };
		3A7757BA1EAB373000FCA2BC /* ZFRadarChart.h */ = {isa = PBXFileReference; fileEncoding = 4; lastKnownFileType = sourcecode.c.h; path = ZFRadarChart.h; sourceTree = "<group>"; };
		3A7757BB1EAB373000FCA2BC /* ZFRadarChart.m */ = {isa = PBXFileReference; fileEncoding = 4; lastKnownFileType = sourcecode.c.objc; path = ZFRadarChart.m; sourceTree = "<group>"; };
		3A7757BD1EAB373000FCA2BC /* ZFWave.h */ = {isa = PBXFileReference; fileEncoding = 4; lastKnownFileType = sourcecode.c.h; path = ZFWave.h; sourceTree = "<group>"; };
		3A7757BE1EAB373000FCA2BC /* ZFWave.m */ = {isa = PBXFileReference; fileEncoding = 4; lastKnownFileType = sourcecode.c.objc; path = ZFWave.m; sourceTree = "<group>"; };
		3A7757BF1EAB373000FCA2BC /* ZFWaveChart.h */ = {isa = PBXFileReference; fileEncoding = 4; lastKnownFileType = sourcecode.c.h; path = ZFWaveChart.h; sourceTree = "<group>"; };
		3A7757C01EAB373000FCA2BC /* ZFWaveChart.m */ = {isa = PBXFileReference; fileEncoding = 4; lastKnownFileType = sourcecode.c.objc; path = ZFWaveChart.m; sourceTree = "<group>"; };
		3A7757E21EAB3E6B00FCA2BC /* Podfile */ = {isa = PBXFileReference; fileEncoding = 4; lastKnownFileType = text; path = Podfile; sourceTree = "<group>"; xcLanguageSpecificationIdentifier = xcode.lang.ruby; };
		3AC51FFB1EA765470004C566 /* huyubao.app */ = {isa = PBXFileReference; explicitFileType = wrapper.application; includeInIndex = 0; path = huyubao.app; sourceTree = BUILT_PRODUCTS_DIR; };
		3AC51FFF1EA765470004C566 /* main.m */ = {isa = PBXFileReference; lastKnownFileType = sourcecode.c.objc; path = main.m; sourceTree = "<group>"; };
		3AC520011EA765470004C566 /* AppDelegate.h */ = {isa = PBXFileReference; lastKnownFileType = sourcecode.c.h; path = AppDelegate.h; sourceTree = "<group>"; };
		3AC520021EA765470004C566 /* AppDelegate.m */ = {isa = PBXFileReference; lastKnownFileType = sourcecode.c.objc; path = AppDelegate.m; sourceTree = "<group>"; };
		3AC520041EA765470004C566 /* ViewController.h */ = {isa = PBXFileReference; lastKnownFileType = sourcecode.c.h; path = ViewController.h; sourceTree = "<group>"; };
		3AC520051EA765470004C566 /* ViewController.m */ = {isa = PBXFileReference; lastKnownFileType = sourcecode.c.objc; path = ViewController.m; sourceTree = "<group>"; };
		3AC520081EA765470004C566 /* Base */ = {isa = PBXFileReference; lastKnownFileType = file.storyboard; name = Base; path = Base.lproj/Main.storyboard; sourceTree = "<group>"; };
		3AC5200A1EA765470004C566 /* Assets.xcassets */ = {isa = PBXFileReference; lastKnownFileType = folder.assetcatalog; path = Assets.xcassets; sourceTree = "<group>"; };
		3AC5200D1EA765470004C566 /* Base */ = {isa = PBXFileReference; lastKnownFileType = file.storyboard; name = Base; path = Base.lproj/LaunchScreen.storyboard; sourceTree = "<group>"; };
		3AC5200F1EA765470004C566 /* Info.plist */ = {isa = PBXFileReference; lastKnownFileType = text.plist.xml; path = Info.plist; sourceTree = "<group>"; };
		3AC520151EA8DA180004C566 /* DevTableViewController.h */ = {isa = PBXFileReference; fileEncoding = 4; lastKnownFileType = sourcecode.c.h; path = DevTableViewController.h; sourceTree = "<group>"; };
		3AC520161EA8DA180004C566 /* DevTableViewController.m */ = {isa = PBXFileReference; fileEncoding = 4; lastKnownFileType = sourcecode.c.objc; path = DevTableViewController.m; sourceTree = "<group>"; };
		3AC520191EA8DB0B0004C566 /* DevTableViewCell.h */ = {isa = PBXFileReference; fileEncoding = 4; lastKnownFileType = sourcecode.c.h; path = DevTableViewCell.h; sourceTree = "<group>"; };
		3AC5201A1EA8DB0B0004C566 /* DevTableViewCell.m */ = {isa = PBXFileReference; fileEncoding = 4; lastKnownFileType = sourcecode.c.objc; path = DevTableViewCell.m; sourceTree = "<group>"; };
		4605DD5AA219832B2A901AED /* Pods-huyubao.debug.xcconfig */ = {isa = PBXFileReference; includeInIndex = 1; lastKnownFileType = text.xcconfig; name = "Pods-huyubao.debug.xcconfig"; path = "Pods/Target Support Files/Pods-huyubao/Pods-huyubao.debug.xcconfig"; sourceTree = "<group>"; };
		9F789C33FEE4A63BD330645A /* Pods_huyubao.framework */ = {isa = PBXFileReference; explicitFileType = wrapper.framework; includeInIndex = 0; path = Pods_huyubao.framework; sourceTree = BUILT_PRODUCTS_DIR; };
		B96996F91F6FA0F30020DEBF /* TableViewCell.h */ = {isa = PBXFileReference; fileEncoding = 4; lastKnownFileType = sourcecode.c.h; path = TableViewCell.h; sourceTree = "<group>"; };
		B96996FA1F6FA0F30020DEBF /* TableViewCell.m */ = {isa = PBXFileReference; fileEncoding = 4; lastKnownFileType = sourcecode.c.objc; path = TableViewCell.m; sourceTree = "<group>"; };
		B96996FC1F6FA1210020DEBF /* TableViewController.h */ = {isa = PBXFileReference; fileEncoding = 4; lastKnownFileType = sourcecode.c.h; path = TableViewController.h; sourceTree = "<group>"; };
		B96996FD1F6FA1210020DEBF /* TableViewController.m */ = {isa = PBXFileReference; fileEncoding = 4; lastKnownFileType = sourcecode.c.objc; path = TableViewController.m; sourceTree = "<group>"; };
		B96996FF1F6FAB930020DEBF /* DetialViewController.h */ = {isa = PBXFileReference; fileEncoding = 4; lastKnownFileType = sourcecode.c.h; path = DetialViewController.h; sourceTree = "<group>"; };
		B96997001F6FAB930020DEBF /* DetialViewController.m */ = {isa = PBXFileReference; fileEncoding = 4; lastKnownFileType = sourcecode.c.objc; path = DetialViewController.m; sourceTree = "<group>"; };
		B96997021F70F91A0020DEBF /* TimeViewController.h */ = {isa = PBXFileReference; fileEncoding = 4; lastKnownFileType = sourcecode.c.h; path = TimeViewController.h; sourceTree = "<group>"; };
		B96997031F70F91A0020DEBF /* TimeViewController.m */ = {isa = PBXFileReference; fileEncoding = 4; lastKnownFileType = sourcecode.c.objc; path = TimeViewController.m; sourceTree = "<group>"; };
		B96997051F726A740020DEBF /* AddFinshViewController.h */ = {isa = PBXFileReference; fileEncoding = 4; lastKnownFileType = sourcecode.c.h; path = AddFinshViewController.h; sourceTree = "<group>"; };
		B96997061F726A740020DEBF /* AddFinshViewController.m */ = {isa = PBXFileReference; fileEncoding = 4; lastKnownFileType = sourcecode.c.objc; path = AddFinshViewController.m; sourceTree = "<group>"; };
		B96997071F726A740020DEBF /* AddFirstViewController.h */ = {isa = PBXFileReference; fileEncoding = 4; lastKnownFileType = sourcecode.c.h; path = AddFirstViewController.h; sourceTree = "<group>"; };
		B96997081F726A740020DEBF /* AddFirstViewController.m */ = {isa = PBXFileReference; fileEncoding = 4; lastKnownFileType = sourcecode.c.objc; path = AddFirstViewController.m; sourceTree = "<group>"; };
		B96997091F726A740020DEBF /* AddWifiViewController.h */ = {isa = PBXFileReference; fileEncoding = 4; lastKnownFileType = sourcecode.c.h; path = AddWifiViewController.h; sourceTree = "<group>"; };
		B969970A1F726A740020DEBF /* AddWifiViewController.m */ = {isa = PBXFileReference; fileEncoding = 4; lastKnownFileType = sourcecode.c.objc; path = AddWifiViewController.m; sourceTree = "<group>"; };
		B969970F1F726AE30020DEBF /* HFSmartLink.h */ = {isa = PBXFileReference; fileEncoding = 4; lastKnownFileType = sourcecode.c.h; path = HFSmartLink.h; sourceTree = "<group>"; };
		B96997101F726AE30020DEBF /* HFSmartLinkDeviceInfo.h */ = {isa = PBXFileReference; fileEncoding = 4; lastKnownFileType = sourcecode.c.h; path = HFSmartLinkDeviceInfo.h; sourceTree = "<group>"; };
		B96997111F726AE30020DEBF /* libsmartlinklib_7x.a */ = {isa = PBXFileReference; lastKnownFileType = archive.ar; path = libsmartlinklib_7x.a; sourceTree = "<group>"; };
		B96997121F726AE30020DEBF /* smartlinklib_7x.h */ = {isa = PBXFileReference; fileEncoding = 4; lastKnownFileType = sourcecode.c.h; path = smartlinklib_7x.h; sourceTree = "<group>"; };
		B96997141F726B380020DEBF /* postToData.h */ = {isa = PBXFileReference; fileEncoding = 4; lastKnownFileType = sourcecode.c.h; path = postToData.h; sourceTree = "<group>"; };
		B96997151F726B380020DEBF /* postToData.m */ = {isa = PBXFileReference; fileEncoding = 4; lastKnownFileType = sourcecode.c.objc; path = postToData.m; sourceTree = "<group>"; };
		B96997171F726D070020DEBF /* AutoViewController.h */ = {isa = PBXFileReference; fileEncoding = 4; lastKnownFileType = sourcecode.c.h; path = AutoViewController.h; sourceTree = "<group>"; };
		B96997181F726D070020DEBF /* AutoViewController.m */ = {isa = PBXFileReference; fileEncoding = 4; lastKnownFileType = sourcecode.c.objc; path = AutoViewController.m; sourceTree = "<group>"; };
		B9F5DB251F4C2197007BD788 /* openfileRequest.h */ = {isa = PBXFileReference; fileEncoding = 4; lastKnownFileType = sourcecode.c.h; path = openfileRequest.h; sourceTree = "<group>"; };
		B9F5DB261F4C2197007BD788 /* openfileRequest.m */ = {isa = PBXFileReference; fileEncoding = 4; lastKnownFileType = sourcecode.c.objc; path = openfileRequest.m; sourceTree = "<group>"; };
		FBFC4601551BBD43AEFDFEDF /* Pods-huyubao.release.xcconfig */ = {isa = PBXFileReference; includeInIndex = 1; lastKnownFileType = text.xcconfig; name = "Pods-huyubao.release.xcconfig"; path = "Pods/Target Support Files/Pods-huyubao/Pods-huyubao.release.xcconfig"; sourceTree = "<group>"; };
/* End PBXFileReference section */

/* Begin PBXFrameworksBuildPhase section */
		3AC51FF81EA765470004C566 /* Frameworks */ = {
			isa = PBXFrameworksBuildPhase;
			buildActionMask = 2147483647;
			files = (
				B96997131F726AE30020DEBF /* libsmartlinklib_7x.a in Frameworks */,
				ECE7EA4980774E3A672FD99E /* Pods_huyubao.framework in Frameworks */,
			);
			runOnlyForDeploymentPostprocessing = 0;
		};
/* End PBXFrameworksBuildPhase section */

/* Begin PBXGroup section */
		3A77576E1EAB373000FCA2BC /* ZFChart */ = {
			isa = PBXGroup;
			children = (
				3A77576F1EAB373000FCA2BC /* Category */,
				3A77577A1EAB373000FCA2BC /* Component */,
				3A7757831EAB373000FCA2BC /* Model */,
				3A7757881EAB373000FCA2BC /* Other */,
				3A77578F1EAB373000FCA2BC /* ZFBarChart */,
				3A7757941EAB373000FCA2BC /* ZFCirqueChart */,
				3A7757991EAB373000FCA2BC /* ZFGenericAxis */,
				3A77579C1EAB373000FCA2BC /* ZFGenericChart */,
				3A77579F1EAB373000FCA2BC /* ZFHorizontalAxis */,
				3A7757A21EAB373000FCA2BC /* ZFHorizontalBarChart */,
				3A7757A71EAB373000FCA2BC /* ZFLineChart */,
				3A7757AE1EAB373000FCA2BC /* ZFPieChart */,
				3A7757B51EAB373000FCA2BC /* ZFRadarChart */,
				3A7757BC1EAB373000FCA2BC /* ZFWaveChart */,
			);
			path = ZFChart;
			sourceTree = "<group>";
		};
		3A77576F1EAB373000FCA2BC /* Category */ = {
			isa = PBXGroup;
			children = (
				3A7757701EAB373000FCA2BC /* NSNumber+Zirkfied.h */,
				3A7757711EAB373000FCA2BC /* NSNumber+Zirkfied.m */,
				3A7757721EAB373000FCA2BC /* NSString+Zirkfied.h */,
				3A7757731EAB373000FCA2BC /* NSString+Zirkfied.m */,
				3A7757741EAB373000FCA2BC /* UIBezierPath+Zirkfied.h */,
				3A7757751EAB373000FCA2BC /* UIBezierPath+Zirkfied.m */,
				3A7757761EAB373000FCA2BC /* UIColor+Zirkfied.h */,
				3A7757771EAB373000FCA2BC /* UIColor+Zirkfied.m */,
				3A7757781EAB373000FCA2BC /* UIView+Zirkfied.h */,
				3A7757791EAB373000FCA2BC /* UIView+Zirkfied.m */,
			);
			path = Category;
			sourceTree = "<group>";
		};
		3A77577A1EAB373000FCA2BC /* Component */ = {
			isa = PBXGroup;
			children = (
				3A77577B1EAB373000FCA2BC /* ZFLabel.h */,
				3A77577C1EAB373000FCA2BC /* ZFLabel.m */,
				3A77577D1EAB373000FCA2BC /* ZFPopoverLabel.h */,
				3A77577E1EAB373000FCA2BC /* ZFPopoverLabel.m */,
				3A77577F1EAB373000FCA2BC /* ZFXAxisLine.h */,
				3A7757801EAB373000FCA2BC /* ZFXAxisLine.m */,
				3A7757811EAB373000FCA2BC /* ZFYAxisLine.h */,
				3A7757821EAB373000FCA2BC /* ZFYAxisLine.m */,
			);
			path = Component;
			sourceTree = "<group>";
		};
		3A7757831EAB373000FCA2BC /* Model */ = {
			isa = PBXGroup;
			children = (
				3A7757841EAB373000FCA2BC /* ZFGradientAttribute.h */,
				3A7757851EAB373000FCA2BC /* ZFGradientAttribute.m */,
				3A7757861EAB373000FCA2BC /* ZFWaveAttribute.h */,
				3A7757871EAB373000FCA2BC /* ZFWaveAttribute.m */,
			);
			path = Model;
			sourceTree = "<group>";
		};
		3A7757881EAB373000FCA2BC /* Other */ = {
			isa = PBXGroup;
			children = (
				3A7757891EAB373000FCA2BC /* ZFChart.h */,
				3A77578A1EAB373000FCA2BC /* ZFColor.h */,
				3A77578B1EAB373000FCA2BC /* ZFConst.h */,
				3A77578C1EAB373000FCA2BC /* ZFConst.m */,
				3A77578D1EAB373000FCA2BC /* ZFMethod.h */,
				3A77578E1EAB373000FCA2BC /* ZFMethod.m */,
			);
			path = Other;
			sourceTree = "<group>";
		};
		3A77578F1EAB373000FCA2BC /* ZFBarChart */ = {
			isa = PBXGroup;
			children = (
				3A7757901EAB373000FCA2BC /* ZFBar.h */,
				3A7757911EAB373000FCA2BC /* ZFBar.m */,
				3A7757921EAB373000FCA2BC /* ZFBarChart.h */,
				3A7757931EAB373000FCA2BC /* ZFBarChart.m */,
			);
			path = ZFBarChart;
			sourceTree = "<group>";
		};
		3A7757941EAB373000FCA2BC /* ZFCirqueChart */ = {
			isa = PBXGroup;
			children = (
				3A7757951EAB373000FCA2BC /* ZFCirque.h */,
				3A7757961EAB373000FCA2BC /* ZFCirque.m */,
				3A7757971EAB373000FCA2BC /* ZFCirqueChart.h */,
				3A7757981EAB373000FCA2BC /* ZFCirqueChart.m */,
			);
			path = ZFCirqueChart;
			sourceTree = "<group>";
		};
		3A7757991EAB373000FCA2BC /* ZFGenericAxis */ = {
			isa = PBXGroup;
			children = (
				3A77579A1EAB373000FCA2BC /* ZFGenericAxis.h */,
				3A77579B1EAB373000FCA2BC /* ZFGenericAxis.m */,
			);
			path = ZFGenericAxis;
			sourceTree = "<group>";
		};
		3A77579C1EAB373000FCA2BC /* ZFGenericChart */ = {
			isa = PBXGroup;
			children = (
				3A77579D1EAB373000FCA2BC /* ZFGenericChart.h */,
				3A77579E1EAB373000FCA2BC /* ZFGenericChart.m */,
			);
			path = ZFGenericChart;
			sourceTree = "<group>";
		};
		3A77579F1EAB373000FCA2BC /* ZFHorizontalAxis */ = {
			isa = PBXGroup;
			children = (
				3A7757A01EAB373000FCA2BC /* ZFHorizontalAxis.h */,
				3A7757A11EAB373000FCA2BC /* ZFHorizontalAxis.m */,
			);
			path = ZFHorizontalAxis;
			sourceTree = "<group>";
		};
		3A7757A21EAB373000FCA2BC /* ZFHorizontalBarChart */ = {
			isa = PBXGroup;
			children = (
				3A7757A31EAB373000FCA2BC /* ZFHorizontalBar.h */,
				3A7757A41EAB373000FCA2BC /* ZFHorizontalBar.m */,
				3A7757A51EAB373000FCA2BC /* ZFHorizontalBarChart.h */,
				3A7757A61EAB373000FCA2BC /* ZFHorizontalBarChart.m */,
			);
			path = ZFHorizontalBarChart;
			sourceTree = "<group>";
		};
		3A7757A71EAB373000FCA2BC /* ZFLineChart */ = {
			isa = PBXGroup;
			children = (
				3A7757A81EAB373000FCA2BC /* ZFCircle.h */,
				3A7757A91EAB373000FCA2BC /* ZFCircle.m */,
				3A7757AA1EAB373000FCA2BC /* ZFLine.h */,
				3A7757AB1EAB373000FCA2BC /* ZFLine.m */,
				3A7757AC1EAB373000FCA2BC /* ZFLineChart.h */,
				3A7757AD1EAB373000FCA2BC /* ZFLineChart.m */,
			);
			path = ZFLineChart;
			sourceTree = "<group>";
		};
		3A7757AE1EAB373000FCA2BC /* ZFPieChart */ = {
			isa = PBXGroup;
			children = (
				3A7757AF1EAB373000FCA2BC /* ZFPie.h */,
				3A7757B01EAB373000FCA2BC /* ZFPie.m */,
				3A7757B11EAB373000FCA2BC /* ZFPieChart.h */,
				3A7757B21EAB373000FCA2BC /* ZFPieChart.m */,
				3A7757B31EAB373000FCA2BC /* ZFTranslucencePath.h */,
				3A7757B41EAB373000FCA2BC /* ZFTranslucencePath.m */,
			);
			path = ZFPieChart;
			sourceTree = "<group>";
		};
		3A7757B51EAB373000FCA2BC /* ZFRadarChart */ = {
			isa = PBXGroup;
			children = (
				3A7757B61EAB373000FCA2BC /* ZFPolygon.h */,
				3A7757B71EAB373000FCA2BC /* ZFPolygon.m */,
				3A7757B81EAB373000FCA2BC /* ZFRadar.h */,
				3A7757B91EAB373000FCA2BC /* ZFRadar.m */,
				3A7757BA1EAB373000FCA2BC /* ZFRadarChart.h */,
				3A7757BB1EAB373000FCA2BC /* ZFRadarChart.m */,
			);
			path = ZFRadarChart;
			sourceTree = "<group>";
		};
		3A7757BC1EAB373000FCA2BC /* ZFWaveChart */ = {
			isa = PBXGroup;
			children = (
				3A7757BD1EAB373000FCA2BC /* ZFWave.h */,
				3A7757BE1EAB373000FCA2BC /* ZFWave.m */,
				3A7757BF1EAB373000FCA2BC /* ZFWaveChart.h */,
				3A7757C01EAB373000FCA2BC /* ZFWaveChart.m */,
			);
			path = ZFWaveChart;
			sourceTree = "<group>";
		};
		3AC51FF21EA765470004C566 = {
			isa = PBXGroup;
			children = (
				3A7757E21EAB3E6B00FCA2BC /* Podfile */,
				3AC51FFD1EA765470004C566 /* huyubao */,
				3AC51FFC1EA765470004C566 /* Products */,
				97321F5B7803F51A9831BB03 /* Pods */,
				DCE17B38602D2055BF261535 /* Frameworks */,
			);
			sourceTree = "<group>";
		};
		3AC51FFC1EA765470004C566 /* Products */ = {
			isa = PBXGroup;
			children = (
				3AC51FFB1EA765470004C566 /* huyubao.app */,
			);
			name = Products;
			sourceTree = "<group>";
		};
		3AC51FFD1EA765470004C566 /* huyubao */ = {
			isa = PBXGroup;
			children = (
				3AC520181EA8DA4B0004C566 /* ControllerView */,
				3AC520011EA765470004C566 /* AppDelegate.h */,
				3AC520021EA765470004C566 /* AppDelegate.m */,
				3AC520041EA765470004C566 /* ViewController.h */,
				3AC520051EA765470004C566 /* ViewController.m */,
				3AC520071EA765470004C566 /* Main.storyboard */,
				3AC5200A1EA765470004C566 /* Assets.xcassets */,
				3AC5200C1EA765470004C566 /* LaunchScreen.storyboard */,
				3AC5200F1EA765470004C566 /* Info.plist */,
				3AC51FFE1EA765470004C566 /* Supporting Files */,
			);
			path = huyubao;
			sourceTree = "<group>";
		};
		3AC51FFE1EA765470004C566 /* Supporting Files */ = {
			isa = PBXGroup;
			children = (
				B96997141F726B380020DEBF /* postToData.h */,
				B96997151F726B380020DEBF /* postToData.m */,
				B969970E1F726AB60020DEBF /* 汉枫 */,
				B9F5DB251F4C2197007BD788 /* openfileRequest.h */,
				B9F5DB261F4C2197007BD788 /* openfileRequest.m */,
				3A77576E1EAB373000FCA2BC /* ZFChart */,
				3AC51FFF1EA765470004C566 /* main.m */,
			);
			name = "Supporting Files";
			sourceTree = "<group>";
		};
		3AC520181EA8DA4B0004C566 /* ControllerView */ = {
			isa = PBXGroup;
			children = (
				B96997171F726D070020DEBF /* AutoViewController.h */,
				B96997181F726D070020DEBF /* AutoViewController.m */,
				B96997051F726A740020DEBF /* AddFinshViewController.h */,
				B96997061F726A740020DEBF /* AddFinshViewController.m */,
				B96997071F726A740020DEBF /* AddFirstViewController.h */,
				B96997081F726A740020DEBF /* AddFirstViewController.m */,
				B96997091F726A740020DEBF /* AddWifiViewController.h */,
				B969970A1F726A740020DEBF /* AddWifiViewController.m */,
				3AC520151EA8DA180004C566 /* DevTableViewController.h */,
				3AC520161EA8DA180004C566 /* DevTableViewController.m */,
				3AC520191EA8DB0B0004C566 /* DevTableViewCell.h */,
				3AC5201A1EA8DB0B0004C566 /* DevTableViewCell.m */,
				3A77576A1EAB269D00FCA2BC /* ChartViewController.h */,
				3A77576B1EAB269D00FCA2BC /* ChartViewController.m */,
				B96996F91F6FA0F30020DEBF /* TableViewCell.h */,
				B96996FA1F6FA0F30020DEBF /* TableViewCell.m */,
				B96996FC1F6FA1210020DEBF /* TableViewController.h */,
				B96996FD1F6FA1210020DEBF /* TableViewController.m */,
				B96996FF1F6FAB930020DEBF /* DetialViewController.h */,
				B96997001F6FAB930020DEBF /* DetialViewController.m */,
				B96997021F70F91A0020DEBF /* TimeViewController.h */,
				B96997031F70F91A0020DEBF /* TimeViewController.m */,
			);
			name = ControllerView;
			sourceTree = "<group>";
		};
		97321F5B7803F51A9831BB03 /* Pods */ = {
			isa = PBXGroup;
			children = (
				4605DD5AA219832B2A901AED /* Pods-huyubao.debug.xcconfig */,
				FBFC4601551BBD43AEFDFEDF /* Pods-huyubao.release.xcconfig */,
			);
			name = Pods;
			sourceTree = "<group>";
		};
		B969970E1F726AB60020DEBF /* 汉枫 */ = {
			isa = PBXGroup;
			children = (
				B969970F1F726AE30020DEBF /* HFSmartLink.h */,
				B96997101F726AE30020DEBF /* HFSmartLinkDeviceInfo.h */,
				B96997111F726AE30020DEBF /* libsmartlinklib_7x.a */,
				B96997121F726AE30020DEBF /* smartlinklib_7x.h */,
			);
			name = "汉枫";
			sourceTree = "<group>";
		};
		DCE17B38602D2055BF261535 /* Frameworks */ = {
			isa = PBXGroup;
			children = (
				3A4DD47E1F2F399100967FA3 /* CocoaAsyncSocket.framework */,
				9F789C33FEE4A63BD330645A /* Pods_huyubao.framework */,
			);
			name = Frameworks;
			sourceTree = "<group>";
		};
/* End PBXGroup section */

/* Begin PBXNativeTarget section */
		3AC51FFA1EA765470004C566 /* huyubao */ = {
			isa = PBXNativeTarget;
			buildConfigurationList = 3AC520121EA765470004C566 /* Build configuration list for PBXNativeTarget "huyubao" */;
			buildPhases = (
				875C1474005CAA7428FD3802 /* [CP] Check Pods Manifest.lock */,
				3AC51FF71EA765470004C566 /* Sources */,
				3AC51FF81EA765470004C566 /* Frameworks */,
				3AC51FF91EA765470004C566 /* Resources */,
				C1124C095D7F6E5A12CB4D97 /* [CP] Embed Pods Frameworks */,
				EF876C9CA13E3D92A2EA8D3E /* [CP] Copy Pods Resources */,
			);
			buildRules = (
			);
			dependencies = (
			);
			name = huyubao;
			productName = huyubao;
			productReference = 3AC51FFB1EA765470004C566 /* huyubao.app */;
			productType = "com.apple.product-type.application";
		};
/* End PBXNativeTarget section */

/* Begin PBXProject section */
		3AC51FF31EA765470004C566 /* Project object */ = {
			isa = PBXProject;
			attributes = {
				LastUpgradeCheck = 0830;
				ORGANIZATIONNAME = "mao ke";
				TargetAttributes = {
					3AC51FFA1EA765470004C566 = {
						CreatedOnToolsVersion = 8.3.1;
						DevelopmentTeam = JFCNF887RU;
						LastSwiftMigration = 0830;
						ProvisioningStyle = Automatic;
					};
				};
			};
			buildConfigurationList = 3AC51FF61EA765470004C566 /* Build configuration list for PBXProject "huyubao" */;
			compatibilityVersion = "Xcode 3.2";
			developmentRegion = English;
			hasScannedForEncodings = 0;
			knownRegions = (
				en,
				Base,
			);
			mainGroup = 3AC51FF21EA765470004C566;
			productRefGroup = 3AC51FFC1EA765470004C566 /* Products */;
			projectDirPath = "";
			projectRoot = "";
			targets = (
				3AC51FFA1EA765470004C566 /* huyubao */,
			);
		};
/* End PBXProject section */

/* Begin PBXResourcesBuildPhase section */
		3AC51FF91EA765470004C566 /* Resources */ = {
			isa = PBXResourcesBuildPhase;
			buildActionMask = 2147483647;
			files = (
				3A7757E31EAB3E6B00FCA2BC /* Podfile in Resources */,
				3AC5200E1EA765470004C566 /* LaunchScreen.storyboard in Resources */,
				3AC5200B1EA765470004C566 /* Assets.xcassets in Resources */,
				3AC520091EA765470004C566 /* Main.storyboard in Resources */,
			);
			runOnlyForDeploymentPostprocessing = 0;
		};
/* End PBXResourcesBuildPhase section */

/* Begin PBXShellScriptBuildPhase section */
		875C1474005CAA7428FD3802 /* [CP] Check Pods Manifest.lock */ = {
			isa = PBXShellScriptBuildPhase;
			buildActionMask = 2147483647;
			files = (
			);
			inputPaths = (
				"${PODS_PODFILE_DIR_PATH}/Podfile.lock",
				"${PODS_ROOT}/Manifest.lock",
			);
			name = "[CP] Check Pods Manifest.lock";
			outputPaths = (
				"$(DERIVED_FILE_DIR)/Pods-huyubao-checkManifestLockResult.txt",
			);
			runOnlyForDeploymentPostprocessing = 0;
			shellPath = /bin/sh;
			shellScript = "diff \"${PODS_PODFILE_DIR_PATH}/Podfile.lock\" \"${PODS_ROOT}/Manifest.lock\" > /dev/null\nif [ $? != 0 ] ; then\n    # print error to STDERR\n    echo \"error: The sandbox is not in sync with the Podfile.lock. Run 'pod install' or update your CocoaPods installation.\" >&2\n    exit 1\nfi\n# This output is used by Xcode 'outputs' to avoid re-running this script phase.\necho \"SUCCESS\" > \"${SCRIPT_OUTPUT_FILE_0}\"\n";
			showEnvVarsInLog = 0;
		};
		C1124C095D7F6E5A12CB4D97 /* [CP] Embed Pods Frameworks */ = {
			isa = PBXShellScriptBuildPhase;
			buildActionMask = 2147483647;
			files = (
			);
			inputPaths = (
				"${SRCROOT}/Pods/Target Support Files/Pods-huyubao/Pods-huyubao-frameworks.sh",
				"${BUILT_PRODUCTS_DIR}/AFNetworking/AFNetworking.framework",
				"${BUILT_PRODUCTS_DIR}/ActionSheetPicker-3.0/ActionSheetPicker_3_0.framework",
				"${BUILT_PRODUCTS_DIR}/CocoaAsyncSocket/CocoaAsyncSocket.framework",
				"${BUILT_PRODUCTS_DIR}/CocoaLumberjack/CocoaLumberjack.framework",
				"${BUILT_PRODUCTS_DIR}/KeyboardToolBar/KeyboardToolBar.framework",
				"${BUILT_PRODUCTS_DIR}/KissXML/KissXML.framework",
				"${BUILT_PRODUCTS_DIR}/MBProgressHUD+DK/MBProgressHUD_DK.framework",
				"${BUILT_PRODUCTS_DIR}/UnicodeLog/UnicodeLog.framework",
				"${BUILT_PRODUCTS_DIR}/XMPPFramework/XMPPFramework.framework",
			);
			name = "[CP] Embed Pods Frameworks";
			outputPaths = (
				"${TARGET_BUILD_DIR}/${FRAMEWORKS_FOLDER_PATH}/AFNetworking.framework",
				"${TARGET_BUILD_DIR}/${FRAMEWORKS_FOLDER_PATH}/ActionSheetPicker_3_0.framework",
				"${TARGET_BUILD_DIR}/${FRAMEWORKS_FOLDER_PATH}/CocoaAsyncSocket.framework",
				"${TARGET_BUILD_DIR}/${FRAMEWORKS_FOLDER_PATH}/CocoaLumberjack.framework",
				"${TARGET_BUILD_DIR}/${FRAMEWORKS_FOLDER_PATH}/KeyboardToolBar.framework",
				"${TARGET_BUILD_DIR}/${FRAMEWORKS_FOLDER_PATH}/KissXML.framework",
				"${TARGET_BUILD_DIR}/${FRAMEWORKS_FOLDER_PATH}/MBProgressHUD_DK.framework",
				"${TARGET_BUILD_DIR}/${FRAMEWORKS_FOLDER_PATH}/UnicodeLog.framework",
				"${TARGET_BUILD_DIR}/${FRAMEWORKS_FOLDER_PATH}/XMPPFramework.framework",
			);
			runOnlyForDeploymentPostprocessing = 0;
			shellPath = /bin/sh;
			shellScript = "\"${SRCROOT}/Pods/Target Support Files/Pods-huyubao/Pods-huyubao-frameworks.sh\"\n";
			showEnvVarsInLog = 0;
		};
		EF876C9CA13E3D92A2EA8D3E /* [CP] Copy Pods Resources */ = {
			isa = PBXShellScriptBuildPhase;
			buildActionMask = 2147483647;
			files = (
			);
			inputPaths = (
			);
			name = "[CP] Copy Pods Resources";
			outputPaths = (
			);
			runOnlyForDeploymentPostprocessing = 0;
			shellPath = /bin/sh;
			shellScript = "\"${SRCROOT}/Pods/Target Support Files/Pods-huyubao/Pods-huyubao-resources.sh\"\n";
			showEnvVarsInLog = 0;
		};
/* End PBXShellScriptBuildPhase section */

/* Begin PBXSourcesBuildPhase section */
		3AC51FF71EA765470004C566 /* Sources */ = {
			isa = PBXSourcesBuildPhase;
			buildActionMask = 2147483647;
			files = (
				B969970B1F726A740020DEBF /* AddFinshViewController.m in Sources */,
				B969970D1F726A740020DEBF /* AddWifiViewController.m in Sources */,
				B969970C1F726A740020DEBF /* AddFirstViewController.m in Sources */,
				3A7757C91EAB373000FCA2BC /* ZFYAxisLine.m in Sources */,
				B96996FB1F6FA0F30020DEBF /* TableViewCell.m in Sources */,
				3A7757C21EAB373000FCA2BC /* NSString+Zirkfied.m in Sources */,
				3A7757CC1EAB373000FCA2BC /* ZFConst.m in Sources */,
				3A7757C61EAB373000FCA2BC /* ZFLabel.m in Sources */,
				3A7757CE1EAB373000FCA2BC /* ZFBar.m in Sources */,
				3A77576C1EAB269D00FCA2BC /* ChartViewController.m in Sources */,
				3A7757DC1EAB373000FCA2BC /* ZFTranslucencePath.m in Sources */,
				B96997011F6FAB930020DEBF /* DetialViewController.m in Sources */,
				3A7757CB1EAB373000FCA2BC /* ZFWaveAttribute.m in Sources */,
				3A7757D41EAB373000FCA2BC /* ZFHorizontalAxis.m in Sources */,
				3A7757DB1EAB373000FCA2BC /* ZFPieChart.m in Sources */,
				3A7757D21EAB373000FCA2BC /* ZFGenericAxis.m in Sources */,
				3A7757DE1EAB373000FCA2BC /* ZFRadar.m in Sources */,
				3AC520061EA765470004C566 /* ViewController.m in Sources */,
				3A7757D81EAB373000FCA2BC /* ZFLine.m in Sources */,
				3A7757CF1EAB373000FCA2BC /* ZFBarChart.m in Sources */,
				3AC520171EA8DA180004C566 /* DevTableViewController.m in Sources */,
				3A7757C71EAB373000FCA2BC /* ZFPopoverLabel.m in Sources */,
				3A7757E11EAB373000FCA2BC /* ZFWaveChart.m in Sources */,
				B96996FE1F6FA1210020DEBF /* TableViewController.m in Sources */,
				3A7757C11EAB373000FCA2BC /* NSNumber+Zirkfied.m in Sources */,
				3A7757DA1EAB373000FCA2BC /* ZFPie.m in Sources */,
				B96997161F726B380020DEBF /* postToData.m in Sources */,
				3A7757C31EAB373000FCA2BC /* UIBezierPath+Zirkfied.m in Sources */,
				3A7757D01EAB373000FCA2BC /* ZFCirque.m in Sources */,
				3A7757E01EAB373000FCA2BC /* ZFWave.m in Sources */,
				3AC520031EA765470004C566 /* AppDelegate.m in Sources */,
				3A7757D31EAB373000FCA2BC /* ZFGenericChart.m in Sources */,
				3AC520001EA765470004C566 /* main.m in Sources */,
				3A7757D71EAB373000FCA2BC /* ZFCircle.m in Sources */,
				3A7757D61EAB373000FCA2BC /* ZFHorizontalBarChart.m in Sources */,
				3A7757CD1EAB373000FCA2BC /* ZFMethod.m in Sources */,
				3A7757DF1EAB373000FCA2BC /* ZFRadarChart.m in Sources */,
				B9F5DB271F4C2197007BD788 /* openfileRequest.m in Sources */,
				B96997191F726D070020DEBF /* AutoViewController.m in Sources */,
				3A7757C41EAB373000FCA2BC /* UIColor+Zirkfied.m in Sources */,
				3A7757DD1EAB373000FCA2BC /* ZFPolygon.m in Sources */,
				3A7757D91EAB373000FCA2BC /* ZFLineChart.m in Sources */,
				3AC5201B1EA8DB0B0004C566 /* DevTableViewCell.m in Sources */,
				3A7757D11EAB373000FCA2BC /* ZFCirqueChart.m in Sources */,
				3A7757C81EAB373000FCA2BC /* ZFXAxisLine.m in Sources */,
				3A7757C51EAB373000FCA2BC /* UIView+Zirkfied.m in Sources */,
				B96997041F70F91A0020DEBF /* TimeViewController.m in Sources */,
				3A7757CA1EAB373000FCA2BC /* ZFGradientAttribute.m in Sources */,
				3A7757D51EAB373000FCA2BC /* ZFHorizontalBar.m in Sources */,
			);
			runOnlyForDeploymentPostprocessing = 0;
		};
/* End PBXSourcesBuildPhase section */

/* Begin PBXVariantGroup section */
		3AC520071EA765470004C566 /* Main.storyboard */ = {
			isa = PBXVariantGroup;
			children = (
				3AC520081EA765470004C566 /* Base */,
				3A26DE6F1ED3DF4D00CCA4C1 /* zh-Hans */,
			);
			name = Main.storyboard;
			sourceTree = "<group>";
		};
		3AC5200C1EA765470004C566 /* LaunchScreen.storyboard */ = {
			isa = PBXVariantGroup;
			children = (
				3AC5200D1EA765470004C566 /* Base */,
				3A26DE701ED3DF4D00CCA4C1 /* zh-Hans */,
			);
			name = LaunchScreen.storyboard;
			sourceTree = "<group>";
		};
/* End PBXVariantGroup section */

/* Begin XCBuildConfiguration section */
		3AC520101EA765470004C566 /* Debug */ = {
			isa = XCBuildConfiguration;
			buildSettings = {
				ALWAYS_SEARCH_USER_PATHS = NO;
				CLANG_ANALYZER_LOCALIZABILITY_NONLOCALIZED = YES;
				CLANG_ANALYZER_NONNULL = YES;
				CLANG_ANALYZER_NUMBER_OBJECT_CONVERSION = YES_AGGRESSIVE;
				CLANG_CXX_LANGUAGE_STANDARD = "gnu++0x";
				CLANG_CXX_LIBRARY = "libc++";
				CLANG_ENABLE_MODULES = YES;
				CLANG_ENABLE_OBJC_ARC = YES;
				CLANG_WARN_BOOL_CONVERSION = YES;
				CLANG_WARN_CONSTANT_CONVERSION = YES;
				CLANG_WARN_DIRECT_OBJC_ISA_USAGE = YES_ERROR;
				CLANG_WARN_DOCUMENTATION_COMMENTS = YES;
				CLANG_WARN_EMPTY_BODY = YES;
				CLANG_WARN_ENUM_CONVERSION = YES;
				CLANG_WARN_INFINITE_RECURSION = YES;
				CLANG_WARN_INT_CONVERSION = YES;
				CLANG_WARN_OBJC_ROOT_CLASS = YES_ERROR;
				CLANG_WARN_SUSPICIOUS_MOVE = YES;
				CLANG_WARN_UNREACHABLE_CODE = YES;
				CLANG_WARN__DUPLICATE_METHOD_MATCH = YES;
				"CODE_SIGN_IDENTITY[sdk=iphoneos*]" = "iPhone Developer";
				COPY_PHASE_STRIP = NO;
				DEBUG_INFORMATION_FORMAT = dwarf;
				ENABLE_STRICT_OBJC_MSGSEND = YES;
				ENABLE_TESTABILITY = YES;
				GCC_C_LANGUAGE_STANDARD = gnu99;
				GCC_DYNAMIC_NO_PIC = NO;
				GCC_NO_COMMON_BLOCKS = YES;
				GCC_OPTIMIZATION_LEVEL = 0;
				GCC_PREPROCESSOR_DEFINITIONS = (
					"DEBUG=1",
					"$(inherited)",
				);
				GCC_WARN_64_TO_32_BIT_CONVERSION = YES;
				GCC_WARN_ABOUT_RETURN_TYPE = YES_ERROR;
				GCC_WARN_UNDECLARED_SELECTOR = YES;
				GCC_WARN_UNINITIALIZED_AUTOS = YES_AGGRESSIVE;
				GCC_WARN_UNUSED_FUNCTION = YES;
				GCC_WARN_UNUSED_VARIABLE = YES;
				IPHONEOS_DEPLOYMENT_TARGET = 10.3;
				MTL_ENABLE_DEBUG_INFO = YES;
				ONLY_ACTIVE_ARCH = YES;
				SDKROOT = iphoneos;
				TARGETED_DEVICE_FAMILY = "1,2";
			};
			name = Debug;
		};
		3AC520111EA765470004C566 /* Release */ = {
			isa = XCBuildConfiguration;
			buildSettings = {
				ALWAYS_SEARCH_USER_PATHS = NO;
				CLANG_ANALYZER_LOCALIZABILITY_NONLOCALIZED = YES;
				CLANG_ANALYZER_NONNULL = YES;
				CLANG_ANALYZER_NUMBER_OBJECT_CONVERSION = YES_AGGRESSIVE;
				CLANG_CXX_LANGUAGE_STANDARD = "gnu++0x";
				CLANG_CXX_LIBRARY = "libc++";
				CLANG_ENABLE_MODULES = YES;
				CLANG_ENABLE_OBJC_ARC = YES;
				CLANG_WARN_BOOL_CONVERSION = YES;
				CLANG_WARN_CONSTANT_CONVERSION = YES;
				CLANG_WARN_DIRECT_OBJC_ISA_USAGE = YES_ERROR;
				CLANG_WARN_DOCUMENTATION_COMMENTS = YES;
				CLANG_WARN_EMPTY_BODY = YES;
				CLANG_WARN_ENUM_CONVERSION = YES;
				CLANG_WARN_INFINITE_RECURSION = YES;
				CLANG_WARN_INT_CONVERSION = YES;
				CLANG_WARN_OBJC_ROOT_CLASS = YES_ERROR;
				CLANG_WARN_SUSPICIOUS_MOVE = YES;
				CLANG_WARN_UNREACHABLE_CODE = YES;
				CLANG_WARN__DUPLICATE_METHOD_MATCH = YES;
				"CODE_SIGN_IDENTITY[sdk=iphoneos*]" = "iPhone Developer";
				COPY_PHASE_STRIP = NO;
				DEBUG_INFORMATION_FORMAT = "dwarf-with-dsym";
				ENABLE_NS_ASSERTIONS = NO;
				ENABLE_STRICT_OBJC_MSGSEND = YES;
				GCC_C_LANGUAGE_STANDARD = gnu99;
				GCC_NO_COMMON_BLOCKS = YES;
				GCC_WARN_64_TO_32_BIT_CONVERSION = YES;
				GCC_WARN_ABOUT_RETURN_TYPE = YES_ERROR;
				GCC_WARN_UNDECLARED_SELECTOR = YES;
				GCC_WARN_UNINITIALIZED_AUTOS = YES_AGGRESSIVE;
				GCC_WARN_UNUSED_FUNCTION = YES;
				GCC_WARN_UNUSED_VARIABLE = YES;
				IPHONEOS_DEPLOYMENT_TARGET = 10.3;
				MTL_ENABLE_DEBUG_INFO = NO;
				SDKROOT = iphoneos;
				TARGETED_DEVICE_FAMILY = "1,2";
				VALIDATE_PRODUCT = YES;
			};
			name = Release;
		};
		3AC520131EA765470004C566 /* Debug */ = {
			isa = XCBuildConfiguration;
			baseConfigurationReference = 4605DD5AA219832B2A901AED /* Pods-huyubao.debug.xcconfig */;
			buildSettings = {
				ASSETCATALOG_COMPILER_APPICON_NAME = AppIcon;
				DEVELOPMENT_TEAM = JFCNF887RU;
				INFOPLIST_FILE = huyubao/Info.plist;
				IPHONEOS_DEPLOYMENT_TARGET = 9.1;
				LD_RUNPATH_SEARCH_PATHS = "$(inherited) @executable_path/Frameworks";
				LIBRARY_SEARCH_PATHS = (
					"$(inherited)",
					"$(PROJECT_DIR)/huyubao",
				);
				PRODUCT_BUNDLE_IDENTIFIER = com.kemao.huyubao;
				PRODUCT_NAME = "$(TARGET_NAME)";
				SWIFT_VERSION = 3.0;
			};
			name = Debug;
		};
		3AC520141EA765470004C566 /* Release */ = {
			isa = XCBuildConfiguration;
			baseConfigurationReference = FBFC4601551BBD43AEFDFEDF /* Pods-huyubao.release.xcconfig */;
			buildSettings = {
				ASSETCATALOG_COMPILER_APPICON_NAME = AppIcon;
				DEVELOPMENT_TEAM = JFCNF887RU;
				INFOPLIST_FILE = huyubao/Info.plist;
				IPHONEOS_DEPLOYMENT_TARGET = 9.1;
				LD_RUNPATH_SEARCH_PATHS = "$(inherited) @executable_path/Frameworks";
				LIBRARY_SEARCH_PATHS = (
					"$(inherited)",
					"$(PROJECT_DIR)/huyubao",
				);
				PRODUCT_BUNDLE_IDENTIFIER = com.kemao.huyubao;
				PRODUCT_NAME = "$(TARGET_NAME)";
				SWIFT_VERSION = 3.0;
			};
			name = Release;
		};
/* End XCBuildConfiguration section */

/* Begin XCConfigurationList section */
		3AC51FF61EA765470004C566 /* Build configuration list for PBXProject "huyubao" */ = {
			isa = XCConfigurationList;
			buildConfigurations = (
				3AC520101EA765470004C566 /* Debug */,
				3AC520111EA765470004C566 /* Release */,
			);
			defaultConfigurationIsVisible = 0;
			defaultConfigurationName = Release;
		};
		3AC520121EA765470004C566 /* Build configuration list for PBXNativeTarget "huyubao" */ = {
			isa = XCConfigurationList;
			buildConfigurations = (
				3AC520131EA765470004C566 /* Debug */,
				3AC520141EA765470004C566 /* Release */,
			);
			defaultConfigurationIsVisible = 0;
			defaultConfigurationName = Release;
		};
/* End XCConfigurationList section */
	};
	rootObject = 3AC51FF31EA765470004C566 /* Project object */;
}
